// !$*UTF8*$!
{
	archiveVersion = 1;
	classes = {
	};
	objectVersion = 46;
	objects = {

/* Begin PBXBuildFile section */
		3C0A263D4947C9E892868DAE /* libPods-ProjectApple.a in Frameworks */ = {isa = PBXBuildFile; fileRef = BFE5459B2D7D020B1CC14E14 /* libPods-ProjectApple.a */; };
		ED6E83111D992FCA00DA54FA /* main.m in Sources */ = {isa = PBXBuildFile; fileRef = ED6E83101D992FCA00DA54FA /* main.m */; };
		ED6E83141D992FCA00DA54FA /* AppDelegate.m in Sources */ = {isa = PBXBuildFile; fileRef = ED6E83131D992FCA00DA54FA /* AppDelegate.m */; };
		ED6E83171D992FCA00DA54FA /* ViewController.m in Sources */ = {isa = PBXBuildFile; fileRef = ED6E83161D992FCA00DA54FA /* ViewController.m */; };
		ED6E831A1D992FCA00DA54FA /* Main.storyboard in Resources */ = {isa = PBXBuildFile; fileRef = ED6E83181D992FCA00DA54FA /* Main.storyboard */; };
		ED6E831C1D992FCA00DA54FA /* Assets.xcassets in Resources */ = {isa = PBXBuildFile; fileRef = ED6E831B1D992FCA00DA54FA /* Assets.xcassets */; };
		ED6E831F1D992FCA00DA54FA /* LaunchScreen.storyboard in Resources */ = {isa = PBXBuildFile; fileRef = ED6E831D1D992FCA00DA54FA /* LaunchScreen.storyboard */; };
		ED6E83291D99320100DA54FA /* PANearbyTableViewCell.m in Sources */ = {isa = PBXBuildFile; fileRef = ED6E83271D99320100DA54FA /* PANearbyTableViewCell.m */; };
		ED6E832A1D99320100DA54FA /* PANearbyTableViewCell.xib in Resources */ = {isa = PBXBuildFile; fileRef = ED6E83281D99320100DA54FA /* PANearbyTableViewCell.xib */; };
		ED6E832D1D99354100DA54FA /* food-photography-perth3.jpg in Resources */ = {isa = PBXBuildFile; fileRef = ED6E832B1D99354100DA54FA /* food-photography-perth3.jpg */; };
		ED6E832E1D99354100DA54FA /* 10376198_740619292643932_6358245269005609953_n (1).jpg in Resources */ = {isa = PBXBuildFile; fileRef = ED6E832C1D99354100DA54FA /* 10376198_740619292643932_6358245269005609953_n (1).jpg */; };
		ED6E83311D9935EA00DA54FA /* PADetailViewController.m in Sources */ = {isa = PBXBuildFile; fileRef = ED6E83301D9935EA00DA54FA /* PADetailViewController.m */; };
		ED6E83351D99438C00DA54FA /* PADetailHeadingTableViewCell.m in Sources */ = {isa = PBXBuildFile; fileRef = ED6E83331D99438C00DA54FA /* PADetailHeadingTableViewCell.m */; };
		ED6E83361D99438C00DA54FA /* PADetailHeadingTableViewCell.xib in Resources */ = {isa = PBXBuildFile; fileRef = ED6E83341D99438C00DA54FA /* PADetailHeadingTableViewCell.xib */; };
		ED6E833A1D99475D00DA54FA /* FALabelTableViewCell.m in Sources */ = {isa = PBXBuildFile; fileRef = ED6E83381D99475D00DA54FA /* FALabelTableViewCell.m */; };
		ED6E833B1D99475D00DA54FA /* FALabelTableViewCell.xib in Resources */ = {isa = PBXBuildFile; fileRef = ED6E83391D99475D00DA54FA /* FALabelTableViewCell.xib */; };
		ED6E833E1D994E7900DA54FA /* PAColor.m in Sources */ = {isa = PBXBuildFile; fileRef = ED6E833D1D994E7900DA54FA /* PAColor.m */; };
		ED6E83421D994F7400DA54FA /* PACollectionTableViewCell.m in Sources */ = {isa = PBXBuildFile; fileRef = ED6E83401D994F7400DA54FA /* PACollectionTableViewCell.m */; };
		ED6E83431D994F7400DA54FA /* PACollectionTableViewCell.xib in Resources */ = {isa = PBXBuildFile; fileRef = ED6E83411D994F7400DA54FA /* PACollectionTableViewCell.xib */; };
		ED6E83471D9952D400DA54FA /* PAImageViewCollectionViewCell.m in Sources */ = {isa = PBXBuildFile; fileRef = ED6E83451D9952D400DA54FA /* PAImageViewCollectionViewCell.m */; };
		ED6E83481D9952D400DA54FA /* PAImageViewCollectionViewCell.xib in Resources */ = {isa = PBXBuildFile; fileRef = ED6E83461D9952D400DA54FA /* PAImageViewCollectionViewCell.xib */; };
		ED6E834C1D9957B500DA54FA /* PAWorkingHoursTableViewCell.m in Sources */ = {isa = PBXBuildFile; fileRef = ED6E834A1D9957B500DA54FA /* PAWorkingHoursTableViewCell.m */; };
		ED6E834D1D9957B500DA54FA /* PAWorkingHoursTableViewCell.xib in Resources */ = {isa = PBXBuildFile; fileRef = ED6E834B1D9957B500DA54FA /* PAWorkingHoursTableViewCell.xib */; };
		ED6E83511D995B6600DA54FA /* PAReviewTableViewCell.m in Sources */ = {isa = PBXBuildFile; fileRef = ED6E834F1D995B6600DA54FA /* PAReviewTableViewCell.m */; };
		ED6E83521D995B6600DA54FA /* PAReviewTableViewCell.xib in Resources */ = {isa = PBXBuildFile; fileRef = ED6E83501D995B6600DA54FA /* PAReviewTableViewCell.xib */; };
/* End PBXBuildFile section */

/* Begin PBXFileReference section */
		BD79EEE4509C55D928134D48 /* Pods-ProjectApple.debug.xcconfig */ = {isa = PBXFileReference; includeInIndex = 1; lastKnownFileType = text.xcconfig; name = "Pods-ProjectApple.debug.xcconfig"; path = "Pods/Target Support Files/Pods-ProjectApple/Pods-ProjectApple.debug.xcconfig"; sourceTree = "<group>"; };
		BFE5459B2D7D020B1CC14E14 /* libPods-ProjectApple.a */ = {isa = PBXFileReference; explicitFileType = archive.ar; includeInIndex = 0; path = "libPods-ProjectApple.a"; sourceTree = BUILT_PRODUCTS_DIR; };
		DEA7C9DFF3B0739816751E21 /* Pods-ProjectApple.release.xcconfig */ = {isa = PBXFileReference; includeInIndex = 1; lastKnownFileType = text.xcconfig; name = "Pods-ProjectApple.release.xcconfig"; path = "Pods/Target Support Files/Pods-ProjectApple/Pods-ProjectApple.release.xcconfig"; sourceTree = "<group>"; };
		ED6E830C1D992FCA00DA54FA /* ProjectApple.app */ = {isa = PBXFileReference; explicitFileType = wrapper.application; includeInIndex = 0; path = ProjectApple.app; sourceTree = BUILT_PRODUCTS_DIR; };
		ED6E83101D992FCA00DA54FA /* main.m */ = {isa = PBXFileReference; lastKnownFileType = sourcecode.c.objc; path = main.m; sourceTree = "<group>"; };
		ED6E83121D992FCA00DA54FA /* AppDelegate.h */ = {isa = PBXFileReference; lastKnownFileType = sourcecode.c.h; path = AppDelegate.h; sourceTree = "<group>"; };
		ED6E83131D992FCA00DA54FA /* AppDelegate.m */ = {isa = PBXFileReference; lastKnownFileType = sourcecode.c.objc; path = AppDelegate.m; sourceTree = "<group>"; };
		ED6E83151D992FCA00DA54FA /* ViewController.h */ = {isa = PBXFileReference; lastKnownFileType = sourcecode.c.h; path = ViewController.h; sourceTree = "<group>"; };
		ED6E83161D992FCA00DA54FA /* ViewController.m */ = {isa = PBXFileReference; lastKnownFileType = sourcecode.c.objc; path = ViewController.m; sourceTree = "<group>"; };
		ED6E83191D992FCA00DA54FA /* Base */ = {isa = PBXFileReference; lastKnownFileType = file.storyboard; name = Base; path = Base.lproj/Main.storyboard; sourceTree = "<group>"; };
		ED6E831B1D992FCA00DA54FA /* Assets.xcassets */ = {isa = PBXFileReference; lastKnownFileType = folder.assetcatalog; path = Assets.xcassets; sourceTree = "<group>"; };
		ED6E831E1D992FCA00DA54FA /* Base */ = {isa = PBXFileReference; lastKnownFileType = file.storyboard; name = Base; path = Base.lproj/LaunchScreen.storyboard; sourceTree = "<group>"; };
		ED6E83201D992FCA00DA54FA /* Info.plist */ = {isa = PBXFileReference; lastKnownFileType = text.plist.xml; path = Info.plist; sourceTree = "<group>"; };
		ED6E83261D99320100DA54FA /* PANearbyTableViewCell.h */ = {isa = PBXFileReference; fileEncoding = 4; lastKnownFileType = sourcecode.c.h; path = PANearbyTableViewCell.h; sourceTree = "<group>"; };
		ED6E83271D99320100DA54FA /* PANearbyTableViewCell.m */ = {isa = PBXFileReference; fileEncoding = 4; lastKnownFileType = sourcecode.c.objc; path = PANearbyTableViewCell.m; sourceTree = "<group>"; };
		ED6E83281D99320100DA54FA /* PANearbyTableViewCell.xib */ = {isa = PBXFileReference; fileEncoding = 4; lastKnownFileType = file.xib; path = PANearbyTableViewCell.xib; sourceTree = "<group>"; };
		ED6E832B1D99354100DA54FA /* food-photography-perth3.jpg */ = {isa = PBXFileReference; lastKnownFileType = image.jpeg; path = "food-photography-perth3.jpg"; sourceTree = "<group>"; };
		ED6E832C1D99354100DA54FA /* 10376198_740619292643932_6358245269005609953_n (1).jpg */ = {isa = PBXFileReference; lastKnownFileType = image.jpeg; path = "10376198_740619292643932_6358245269005609953_n (1).jpg"; sourceTree = "<group>"; };
		ED6E832F1D9935EA00DA54FA /* PADetailViewController.h */ = {isa = PBXFileReference; fileEncoding = 4; lastKnownFileType = sourcecode.c.h; path = PADetailViewController.h; sourceTree = "<group>"; };
		ED6E83301D9935EA00DA54FA /* PADetailViewController.m */ = {isa = PBXFileReference; fileEncoding = 4; lastKnownFileType = sourcecode.c.objc; path = PADetailViewController.m; sourceTree = "<group>"; };
		ED6E83321D99438C00DA54FA /* PADetailHeadingTableViewCell.h */ = {isa = PBXFileReference; fileEncoding = 4; lastKnownFileType = sourcecode.c.h; path = PADetailHeadingTableViewCell.h; sourceTree = "<group>"; };
		ED6E83331D99438C00DA54FA /* PADetailHeadingTableViewCell.m */ = {isa = PBXFileReference; fileEncoding = 4; lastKnownFileType = sourcecode.c.objc; path = PADetailHeadingTableViewCell.m; sourceTree = "<group>"; };
		ED6E83341D99438C00DA54FA /* PADetailHeadingTableViewCell.xib */ = {isa = PBXFileReference; fileEncoding = 4; lastKnownFileType = file.xib; path = PADetailHeadingTableViewCell.xib; sourceTree = "<group>"; };
		ED6E83371D99475D00DA54FA /* FALabelTableViewCell.h */ = {isa = PBXFileReference; fileEncoding = 4; lastKnownFileType = sourcecode.c.h; path = FALabelTableViewCell.h; sourceTree = "<group>"; };
		ED6E83381D99475D00DA54FA /* FALabelTableViewCell.m */ = {isa = PBXFileReference; fileEncoding = 4; lastKnownFileType = sourcecode.c.objc; path = FALabelTableViewCell.m; sourceTree = "<group>"; };
		ED6E83391D99475D00DA54FA /* FALabelTableViewCell.xib */ = {isa = PBXFileReference; fileEncoding = 4; lastKnownFileType = file.xib; path = FALabelTableViewCell.xib; sourceTree = "<group>"; };
		ED6E833C1D994E7900DA54FA /* PAColor.h */ = {isa = PBXFileReference; fileEncoding = 4; lastKnownFileType = sourcecode.c.h; path = PAColor.h; sourceTree = "<group>"; };
		ED6E833D1D994E7900DA54FA /* PAColor.m */ = {isa = PBXFileReference; fileEncoding = 4; lastKnownFileType = sourcecode.c.objc; path = PAColor.m; sourceTree = "<group>"; };
		ED6E833F1D994F7400DA54FA /* PACollectionTableViewCell.h */ = {isa = PBXFileReference; fileEncoding = 4; lastKnownFileType = sourcecode.c.h; path = PACollectionTableViewCell.h; sourceTree = "<group>"; };
		ED6E83401D994F7400DA54FA /* PACollectionTableViewCell.m */ = {isa = PBXFileReference; fileEncoding = 4; lastKnownFileType = sourcecode.c.objc; path = PACollectionTableViewCell.m; sourceTree = "<group>"; };
		ED6E83411D994F7400DA54FA /* PACollectionTableViewCell.xib */ = {isa = PBXFileReference; fileEncoding = 4; lastKnownFileType = file.xib; path = PACollectionTableViewCell.xib; sourceTree = "<group>"; };
		ED6E83441D9952D400DA54FA /* PAImageViewCollectionViewCell.h */ = {isa = PBXFileReference; fileEncoding = 4; lastKnownFileType = sourcecode.c.h; path = PAImageViewCollectionViewCell.h; sourceTree = "<group>"; };
		ED6E83451D9952D400DA54FA /* PAImageViewCollectionViewCell.m */ = {isa = PBXFileReference; fileEncoding = 4; lastKnownFileType = sourcecode.c.objc; path = PAImageViewCollectionViewCell.m; sourceTree = "<group>"; };
		ED6E83461D9952D400DA54FA /* PAImageViewCollectionViewCell.xib */ = {isa = PBXFileReference; fileEncoding = 4; lastKnownFileType = file.xib; path = PAImageViewCollectionViewCell.xib; sourceTree = "<group>"; };
		ED6E83491D9957B500DA54FA /* PAWorkingHoursTableViewCell.h */ = {isa = PBXFileReference; fileEncoding = 4; lastKnownFileType = sourcecode.c.h; path = PAWorkingHoursTableViewCell.h; sourceTree = "<group>"; };
		ED6E834A1D9957B500DA54FA /* PAWorkingHoursTableViewCell.m */ = {isa = PBXFileReference; fileEncoding = 4; lastKnownFileType = sourcecode.c.objc; path = PAWorkingHoursTableViewCell.m; sourceTree = "<group>"; };
		ED6E834B1D9957B500DA54FA /* PAWorkingHoursTableViewCell.xib */ = {isa = PBXFileReference; fileEncoding = 4; lastKnownFileType = file.xib; path = PAWorkingHoursTableViewCell.xib; sourceTree = "<group>"; };
		ED6E834E1D995B6600DA54FA /* PAReviewTableViewCell.h */ = {isa = PBXFileReference; fileEncoding = 4; lastKnownFileType = sourcecode.c.h; path = PAReviewTableViewCell.h; sourceTree = "<group>"; };
		ED6E834F1D995B6600DA54FA /* PAReviewTableViewCell.m */ = {isa = PBXFileReference; fileEncoding = 4; lastKnownFileType = sourcecode.c.objc; path = PAReviewTableViewCell.m; sourceTree = "<group>"; };
		ED6E83501D995B6600DA54FA /* PAReviewTableViewCell.xib */ = {isa = PBXFileReference; fileEncoding = 4; lastKnownFileType = file.xib; path = PAReviewTableViewCell.xib; sourceTree = "<group>"; };
/* End PBXFileReference section */

/* Begin PBXFrameworksBuildPhase section */
		ED6E83091D992FCA00DA54FA /* Frameworks */ = {
			isa = PBXFrameworksBuildPhase;
			buildActionMask = 2147483647;
			files = (
				3C0A263D4947C9E892868DAE /* libPods-ProjectApple.a in Frameworks */,
			);
			runOnlyForDeploymentPostprocessing = 0;
		};
/* End PBXFrameworksBuildPhase section */

/* Begin PBXGroup section */
		2861B4954E724216AB8EB277 /* Frameworks */ = {
			isa = PBXGroup;
			children = (
				BFE5459B2D7D020B1CC14E14 /* libPods-ProjectApple.a */,
			);
			name = Frameworks;
			sourceTree = "<group>";
		};
		960C3262A7106DD2B70B609E /* Pods */ = {
			isa = PBXGroup;
			children = (
				BD79EEE4509C55D928134D48 /* Pods-ProjectApple.debug.xcconfig */,
				DEA7C9DFF3B0739816751E21 /* Pods-ProjectApple.release.xcconfig */,
			);
			name = Pods;
			sourceTree = "<group>";
		};
		ED6E83031D992FCA00DA54FA = {
			isa = PBXGroup;
			children = (
				ED6E830E1D992FCA00DA54FA /* ProjectApple */,
				ED6E830D1D992FCA00DA54FA /* Products */,
				960C3262A7106DD2B70B609E /* Pods */,
				2861B4954E724216AB8EB277 /* Frameworks */,
			);
			sourceTree = "<group>";
		};
		ED6E830D1D992FCA00DA54FA /* Products */ = {
			isa = PBXGroup;
			children = (
				ED6E830C1D992FCA00DA54FA /* ProjectApple.app */,
			);
			name = Products;
			sourceTree = "<group>";
		};
		ED6E830E1D992FCA00DA54FA /* ProjectApple */ = {
			isa = PBXGroup;
			children = (
				ED6E83121D992FCA00DA54FA /* AppDelegate.h */,
				ED6E83131D992FCA00DA54FA /* AppDelegate.m */,
				ED6E833C1D994E7900DA54FA /* PAColor.h */,
				ED6E833D1D994E7900DA54FA /* PAColor.m */,
				ED6E83151D992FCA00DA54FA /* ViewController.h */,
				ED6E83161D992FCA00DA54FA /* ViewController.m */,
				ED6E832F1D9935EA00DA54FA /* PADetailViewController.h */,
				ED6E83301D9935EA00DA54FA /* PADetailViewController.m */,
				ED6E83261D99320100DA54FA /* PANearbyTableViewCell.h */,
				ED6E83271D99320100DA54FA /* PANearbyTableViewCell.m */,
				ED6E83281D99320100DA54FA /* PANearbyTableViewCell.xib */,
				ED6E83321D99438C00DA54FA /* PADetailHeadingTableViewCell.h */,
				ED6E83331D99438C00DA54FA /* PADetailHeadingTableViewCell.m */,
				ED6E83341D99438C00DA54FA /* PADetailHeadingTableViewCell.xib */,
				ED6E83371D99475D00DA54FA /* FALabelTableViewCell.h */,
				ED6E83381D99475D00DA54FA /* FALabelTableViewCell.m */,
				ED6E83391D99475D00DA54FA /* FALabelTableViewCell.xib */,
				ED6E833F1D994F7400DA54FA /* PACollectionTableViewCell.h */,
				ED6E83401D994F7400DA54FA /* PACollectionTableViewCell.m */,
				ED6E83411D994F7400DA54FA /* PACollectionTableViewCell.xib */,
				ED6E83441D9952D400DA54FA /* PAImageViewCollectionViewCell.h */,
				ED6E83451D9952D400DA54FA /* PAImageViewCollectionViewCell.m */,
				ED6E83461D9952D400DA54FA /* PAImageViewCollectionViewCell.xib */,
				ED6E83491D9957B500DA54FA /* PAWorkingHoursTableViewCell.h */,
				ED6E834A1D9957B500DA54FA /* PAWorkingHoursTableViewCell.m */,
				ED6E834B1D9957B500DA54FA /* PAWorkingHoursTableViewCell.xib */,
				ED6E834E1D995B6600DA54FA /* PAReviewTableViewCell.h */,
				ED6E834F1D995B6600DA54FA /* PAReviewTableViewCell.m */,
				ED6E83501D995B6600DA54FA /* PAReviewTableViewCell.xib */,
				ED6E83181D992FCA00DA54FA /* Main.storyboard */,
				ED6E831B1D992FCA00DA54FA /* Assets.xcassets */,
				ED6E831D1D992FCA00DA54FA /* LaunchScreen.storyboard */,
				ED6E83201D992FCA00DA54FA /* Info.plist */,
				ED6E832B1D99354100DA54FA /* food-photography-perth3.jpg */,
				ED6E832C1D99354100DA54FA /* 10376198_740619292643932_6358245269005609953_n (1).jpg */,
				ED6E830F1D992FCA00DA54FA /* Supporting Files */,
			);
			path = ProjectApple;
			sourceTree = "<group>";
		};
		ED6E830F1D992FCA00DA54FA /* Supporting Files */ = {
			isa = PBXGroup;
			children = (
				ED6E83101D992FCA00DA54FA /* main.m */,
			);
			name = "Supporting Files";
			sourceTree = "<group>";
		};
/* End PBXGroup section */

/* Begin PBXNativeTarget section */
		ED6E830B1D992FCA00DA54FA /* ProjectApple */ = {
			isa = PBXNativeTarget;
			buildConfigurationList = ED6E83231D992FCA00DA54FA /* Build configuration list for PBXNativeTarget "ProjectApple" */;
			buildPhases = (
				0F81AE0F5D93F49016717D33 /* [CP] Check Pods Manifest.lock */,
				ED6E83081D992FCA00DA54FA /* Sources */,
				ED6E83091D992FCA00DA54FA /* Frameworks */,
				ED6E830A1D992FCA00DA54FA /* Resources */,
				C4405BBA804ADBEC8FFDE4B2 /* [CP] Embed Pods Frameworks */,
				3B46D6AD435D4868FCCD3C32 /* [CP] Copy Pods Resources */,
			);
			buildRules = (
			);
			dependencies = (
			);
			name = ProjectApple;
			productName = ProjectApple;
			productReference = ED6E830C1D992FCA00DA54FA /* ProjectApple.app */;
			productType = "com.apple.product-type.application";
		};
/* End PBXNativeTarget section */

/* Begin PBXProject section */
		ED6E83041D992FCA00DA54FA /* Project object */ = {
			isa = PBXProject;
			attributes = {
				LastUpgradeCheck = 0800;
				ORGANIZATIONNAME = ABN;
				TargetAttributes = {
					ED6E830B1D992FCA00DA54FA = {
						CreatedOnToolsVersion = 8.0;
						DevelopmentTeam = EDXP6Y48QS;
						ProvisioningStyle = Automatic;
					};
				};
			};
			buildConfigurationList = ED6E83071D992FCA00DA54FA /* Build configuration list for PBXProject "ProjectApple" */;
			compatibilityVersion = "Xcode 3.2";
			developmentRegion = English;
			hasScannedForEncodings = 0;
			knownRegions = (
				en,
				Base,
			);
			mainGroup = ED6E83031D992FCA00DA54FA;
			productRefGroup = ED6E830D1D992FCA00DA54FA /* Products */;
			projectDirPath = "";
			projectRoot = "";
			targets = (
				ED6E830B1D992FCA00DA54FA /* ProjectApple */,
			);
		};
/* End PBXProject section */

/* Begin PBXResourcesBuildPhase section */
		ED6E830A1D992FCA00DA54FA /* Resources */ = {
			isa = PBXResourcesBuildPhase;
			buildActionMask = 2147483647;
			files = (
				ED6E83361D99438C00DA54FA /* PADetailHeadingTableViewCell.xib in Resources */,
				ED6E831F1D992FCA00DA54FA /* LaunchScreen.storyboard in Resources */,
				ED6E831C1D992FCA00DA54FA /* Assets.xcassets in Resources */,
				ED6E833B1D99475D00DA54FA /* FALabelTableViewCell.xib in Resources */,
				ED6E83521D995B6600DA54FA /* PAReviewTableViewCell.xib in Resources */,
				ED6E831A1D992FCA00DA54FA /* Main.storyboard in Resources */,
				ED6E832E1D99354100DA54FA /* 10376198_740619292643932_6358245269005609953_n (1).jpg in Resources */,
				ED6E83481D9952D400DA54FA /* PAImageViewCollectionViewCell.xib in Resources */,
				ED6E832D1D99354100DA54FA /* food-photography-perth3.jpg in Resources */,
				ED6E83431D994F7400DA54FA /* PACollectionTableViewCell.xib in Resources */,
				ED6E834D1D9957B500DA54FA /* PAWorkingHoursTableViewCell.xib in Resources */,
				ED6E832A1D99320100DA54FA /* PANearbyTableViewCell.xib in Resources */,
			);
			runOnlyForDeploymentPostprocessing = 0;
		};
/* End PBXResourcesBuildPhase section */

/* Begin PBXShellScriptBuildPhase section */
		0F81AE0F5D93F49016717D33 /* [CP] Check Pods Manifest.lock */ = {
			isa = PBXShellScriptBuildPhase;
			buildActionMask = 2147483647;
			files = (
			);
			inputPaths = (
			);
			name = "[CP] Check Pods Manifest.lock";
			outputPaths = (
			);
			runOnlyForDeploymentPostprocessing = 0;
			shellPath = /bin/sh;
			shellScript = "diff \"${PODS_ROOT}/../Podfile.lock\" \"${PODS_ROOT}/Manifest.lock\" > /dev/null\nif [[ $? != 0 ]] ; then\n    cat << EOM\nerror: The sandbox is not in sync with the Podfile.lock. Run 'pod install' or update your CocoaPods installation.\nEOM\n    exit 1\nfi\n";
			showEnvVarsInLog = 0;
		};
		3B46D6AD435D4868FCCD3C32 /* [CP] Copy Pods Resources */ = {
			isa = PBXShellScriptBuildPhase;
			buildActionMask = 2147483647;
			files = (
			);
			inputPaths = (
			);
			name = "[CP] Copy Pods Resources";
			outputPaths = (
			);
			runOnlyForDeploymentPostprocessing = 0;
			shellPath = /bin/sh;
			shellScript = "\"${SRCROOT}/Pods/Target Support Files/Pods-ProjectApple/Pods-ProjectApple-resources.sh\"\n";
			showEnvVarsInLog = 0;
		};
		C4405BBA804ADBEC8FFDE4B2 /* [CP] Embed Pods Frameworks */ = {
			isa = PBXShellScriptBuildPhase;
			buildActionMask = 2147483647;
			files = (
			);
			inputPaths = (
			);
			name = "[CP] Embed Pods Frameworks";
			outputPaths = (
			);
			runOnlyForDeploymentPostprocessing = 0;
			shellPath = /bin/sh;
			shellScript = "\"${SRCROOT}/Pods/Target Support Files/Pods-ProjectApple/Pods-ProjectApple-frameworks.sh\"\n";
			showEnvVarsInLog = 0;
		};
/* End PBXShellScriptBuildPhase section */

/* Begin PBXSourcesBuildPhase section */
		ED6E83081D992FCA00DA54FA /* Sources */ = {
			isa = PBXSourcesBuildPhase;
			buildActionMask = 2147483647;
			files = (
				ED6E83351D99438C00DA54FA /* PADetailHeadingTableViewCell.m in Sources */,
				ED6E83171D992FCA00DA54FA /* ViewController.m in Sources */,
				ED6E83141D992FCA00DA54FA /* AppDelegate.m in Sources */,
				ED6E83311D9935EA00DA54FA /* PADetailViewController.m in Sources */,
				ED6E833E1D994E7900DA54FA /* PAColor.m in Sources */,
				ED6E834C1D9957B500DA54FA /* PAWorkingHoursTableViewCell.m in Sources */,
				ED6E833A1D99475D00DA54FA /* FALabelTableViewCell.m in Sources */,
				ED6E83111D992FCA00DA54FA /* main.m in Sources */,
				ED6E83511D995B6600DA54FA /* PAReviewTableViewCell.m in Sources */,
				ED6E83291D99320100DA54FA /* PANearbyTableViewCell.m in Sources */,
				ED6E83471D9952D400DA54FA /* PAImageViewCollectionViewCell.m in Sources */,
				ED6E83421D994F7400DA54FA /* PACollectionTableViewCell.m in Sources */,
			);
			runOnlyForDeploymentPostprocessing = 0;
		};
/* End PBXSourcesBuildPhase section */

/* Begin PBXVariantGroup section */
		ED6E83181D992FCA00DA54FA /* Main.storyboard */ = {
			isa = PBXVariantGroup;
			children = (
				ED6E83191D992FCA00DA54FA /* Base */,
			);
			name = Main.storyboard;
			sourceTree = "<group>";
		};
		ED6E831D1D992FCA00DA54FA /* LaunchScreen.storyboard */ = {
			isa = PBXVariantGroup;
			children = (
				ED6E831E1D992FCA00DA54FA /* Base */,
			);
			name = LaunchScreen.storyboard;
			sourceTree = "<group>";
		};
/* End PBXVariantGroup section */

/* Begin XCBuildConfiguration section */
		ED6E83211D992FCA00DA54FA /* Debug */ = {
			isa = XCBuildConfiguration;
			buildSettings = {
				ALWAYS_SEARCH_USER_PATHS = NO;
				CLANG_ANALYZER_NONNULL = YES;
				CLANG_CXX_LANGUAGE_STANDARD = "gnu++0x";
				CLANG_CXX_LIBRARY = "libc++";
				CLANG_ENABLE_MODULES = YES;
				CLANG_ENABLE_OBJC_ARC = YES;
				CLANG_WARN_BOOL_CONVERSION = YES;
				CLANG_WARN_CONSTANT_CONVERSION = YES;
				CLANG_WARN_DIRECT_OBJC_ISA_USAGE = YES_ERROR;
				CLANG_WARN_DOCUMENTATION_COMMENTS = YES;
				CLANG_WARN_EMPTY_BODY = YES;
				CLANG_WARN_ENUM_CONVERSION = YES;
				CLANG_WARN_INFINITE_RECURSION = YES;
				CLANG_WARN_INT_CONVERSION = YES;
				CLANG_WARN_OBJC_ROOT_CLASS = YES_ERROR;
				CLANG_WARN_SUSPICIOUS_MOVE = YES;
				CLANG_WARN_SUSPICIOUS_MOVES = YES;
				CLANG_WARN_UNREACHABLE_CODE = YES;
				CLANG_WARN__DUPLICATE_METHOD_MATCH = YES;
				"CODE_SIGN_IDENTITY[sdk=iphoneos*]" = "iPhone Developer";
				COPY_PHASE_STRIP = NO;
				DEBUG_INFORMATION_FORMAT = dwarf;
				ENABLE_STRICT_OBJC_MSGSEND = YES;
				ENABLE_TESTABILITY = YES;
				GCC_C_LANGUAGE_STANDARD = gnu99;
				GCC_DYNAMIC_NO_PIC = NO;
				GCC_NO_COMMON_BLOCKS = YES;
				GCC_OPTIMIZATION_LEVEL = 0;
				GCC_PREPROCESSOR_DEFINITIONS = (
					"DEBUG=1",
					"$(inherited)",
				);
				GCC_WARN_64_TO_32_BIT_CONVERSION = YES;
				GCC_WARN_ABOUT_RETURN_TYPE = YES_ERROR;
				GCC_WARN_UNDECLARED_SELECTOR = YES;
				GCC_WARN_UNINITIALIZED_AUTOS = YES_AGGRESSIVE;
				GCC_WARN_UNUSED_FUNCTION = YES;
				GCC_WARN_UNUSED_VARIABLE = YES;
				IPHONEOS_DEPLOYMENT_TARGET = 10.0;
				MTL_ENABLE_DEBUG_INFO = YES;
				ONLY_ACTIVE_ARCH = YES;
				SDKROOT = iphoneos;
			};
			name = Debug;
		};
		ED6E83221D992FCA00DA54FA /* Release */ = {
			isa = XCBuildConfiguration;
			buildSettings = {
				ALWAYS_SEARCH_USER_PATHS = NO;
				CLANG_ANALYZER_NONNULL = YES;
				CLANG_CXX_LANGUAGE_STANDARD = "gnu++0x";
				CLANG_CXX_LIBRARY = "libc++";
				CLANG_ENABLE_MODULES = YES;
				CLANG_ENABLE_OBJC_ARC = YES;
				CLANG_WARN_BOOL_CONVERSION = YES;
				CLANG_WARN_CONSTANT_CONVERSION = YES;
				CLANG_WARN_DIRECT_OBJC_ISA_USAGE = YES_ERROR;
				CLANG_WARN_DOCUMENTATION_COMMENTS = YES;
				CLANG_WARN_EMPTY_BODY = YES;
				CLANG_WARN_ENUM_CONVERSION = YES;
				CLANG_WARN_INFINITE_RECURSION = YES;
				CLANG_WARN_INT_CONVERSION = YES;
				CLANG_WARN_OBJC_ROOT_CLASS = YES_ERROR;
				CLANG_WARN_SUSPICIOUS_MOVE = YES;
				CLANG_WARN_SUSPICIOUS_MOVES = YES;
				CLANG_WARN_UNREACHABLE_CODE = YES;
				CLANG_WARN__DUPLICATE_METHOD_MATCH = YES;
				"CODE_SIGN_IDENTITY[sdk=iphoneos*]" = "iPhone Developer";
				COPY_PHASE_STRIP = NO;
				DEBUG_INFORMATION_FORMAT = "dwarf-with-dsym";
				ENABLE_NS_ASSERTIONS = NO;
				ENABLE_STRICT_OBJC_MSGSEND = YES;
				GCC_C_LANGUAGE_STANDARD = gnu99;
				GCC_NO_COMMON_BLOCKS = YES;
				GCC_WARN_64_TO_32_BIT_CONVERSION = YES;
				GCC_WARN_ABOUT_RETURN_TYPE = YES_ERROR;
				GCC_WARN_UNDECLARED_SELECTOR = YES;
				GCC_WARN_UNINITIALIZED_AUTOS = YES_AGGRESSIVE;
				GCC_WARN_UNUSED_FUNCTION = YES;
				GCC_WARN_UNUSED_VARIABLE = YES;
				IPHONEOS_DEPLOYMENT_TARGET = 10.0;
				MTL_ENABLE_DEBUG_INFO = NO;
				SDKROOT = iphoneos;
				VALIDATE_PRODUCT = YES;
			};
			name = Release;
		};
		ED6E83241D992FCA00DA54FA /* Debug */ = {
			isa = XCBuildConfiguration;
			baseConfigurationReference = BD79EEE4509C55D928134D48 /* Pods-ProjectApple.debug.xcconfig */;
			buildSettings = {
				ASSETCATALOG_COMPILER_APPICON_NAME = AppIcon;
				DEVELOPMENT_TEAM = EDXP6Y48QS;
				INFOPLIST_FILE = ProjectApple/Info.plist;
				IPHONEOS_DEPLOYMENT_TARGET = 9.0;
				LD_RUNPATH_SEARCH_PATHS = "$(inherited) @executable_path/Frameworks";
				PRODUCT_BUNDLE_IDENTIFIER = com.abn.ProjectApple;
				PRODUCT_NAME = "$(TARGET_NAME)";
			};
			name = Debug;
		};
		ED6E83251D992FCA00DA54FA /* Release */ = {
			isa = XCBuildConfiguration;
			baseConfigurationReference = DEA7C9DFF3B0739816751E21 /* Pods-ProjectApple.release.xcconfig */;
			buildSettings = {
				ASSETCATALOG_COMPILER_APPICON_NAME = AppIcon;
				DEVELOPMENT_TEAM = EDXP6Y48QS;
				INFOPLIST_FILE = ProjectApple/Info.plist;
				IPHONEOS_DEPLOYMENT_TARGET = 9.0;
				LD_RUNPATH_SEARCH_PATHS = "$(inherited) @executable_path/Frameworks";
				PRODUCT_BUNDLE_IDENTIFIER = com.abn.ProjectApple;
				PRODUCT_NAME = "$(TARGET_NAME)";
			};
			name = Release;
		};
/* End XCBuildConfiguration section */

/* Begin XCConfigurationList section */
		ED6E83071D992FCA00DA54FA /* Build configuration list for PBXProject "ProjectApple" */ = {
			isa = XCConfigurationList;
			buildConfigurations = (
				ED6E83211D992FCA00DA54FA /* Debug */,
				ED6E83221D992FCA00DA54FA /* Release */,
			);
			defaultConfigurationIsVisible = 0;
			defaultConfigurationName = Release;
		};
		ED6E83231D992FCA00DA54FA /* Build configuration list for PBXNativeTarget "ProjectApple" */ = {
			isa = XCConfigurationList;
			buildConfigurations = (
				ED6E83241D992FCA00DA54FA /* Debug */,
				ED6E83251D992FCA00DA54FA /* Release */,
			);
			defaultConfigurationIsVisible = 0;
			defaultConfigurationName = Release;
		};
/* End XCConfigurationList section */
	};
	rootObject = ED6E83041D992FCA00DA54FA /* Project object */;
}
